{
  "name": "xlnt-auction-admin",
  "version": "1.0.0",
  "lockfileVersion": 1,
  "requires": true,
  "dependencies": {
    "async": {
      "version": "2.6.0",
      "resolved": "https://registry.npmjs.org/async/-/async-2.6.0.tgz",
      "integrity": "sha512-xAfGg1/NTLBBKlHFmnd7PlmUW9KhVQIUuSrYem9xzFUZy13ScvtyGGejaae9iAVRiRq9+Cx7DPFaAAhCpyxyPw==",
      "requires": {
        "lodash": "4.17.5"
      }
    },
    "base-x": {
      "version": "3.0.4",
      "resolved": "https://registry.npmjs.org/base-x/-/base-x-3.0.4.tgz",
      "integrity": "sha512-UYOadoSIkEI/VrRGSG6qp93rp2WdokiAiNYDfGW5qURAY8GiAQkvMbwNNSDYiVJopqv4gCna7xqf4rrNGp+5AA==",
      "requires": {
        "safe-buffer": "5.1.1"
      }
    },
    "blakejs": {
      "version": "1.1.0",
      "resolved": "https://registry.npmjs.org/blakejs/-/blakejs-1.1.0.tgz",
      "integrity": "sha1-ad+S75U6qIylGjLfarHFShVfx6U="
    },
    "bs58": {
      "version": "4.0.1",
      "resolved": "https://registry.npmjs.org/bs58/-/bs58-4.0.1.tgz",
      "integrity": "sha1-vhYedsNU9veIrkBx9j806MTwpCo=",
      "requires": {
        "base-x": "3.0.4"
      }
    },
    "buffer-loader": {
      "version": "0.0.1",
      "resolved": "https://registry.npmjs.org/buffer-loader/-/buffer-loader-0.0.1.tgz",
      "integrity": "sha1-TWd8qS3YiTEIeLAqL7z6txICTPI="
    },
    "cids": {
      "version": "0.5.2",
      "resolved": "https://registry.npmjs.org/cids/-/cids-0.5.2.tgz",
      "integrity": "sha512-ymyC9kV8iKgvn+MU44glekHKMDbfx7hUh1YRNDJ4ZzBQspFamRvmDlbH5jjHp9LwwH1vvJuV/rcy1gWJeSVcIw==",
      "requires": {
        "multibase": "0.3.4",
        "multicodec": "0.2.6",
        "multihashes": "0.4.13"
      }
    },
    "ipfs-block": {
      "version": "0.6.1",
      "resolved": "https://registry.npmjs.org/ipfs-block/-/ipfs-block-0.6.1.tgz",
      "integrity": "sha512-28dgGsb2YsYnFs+To4cVBX8e/lTCb8eWDzGhN5csj3a/sHMOYrHeK8+Ez0IV67CI3lqKGuG/ZD01Cmd6JUvKrQ==",
      "requires": {
        "cids": "0.5.2"
      }
    },
    "ipld-dag-pb": {
      "version": "0.11.4",
      "resolved": "https://registry.npmjs.org/ipld-dag-pb/-/ipld-dag-pb-0.11.4.tgz",
      "integrity": "sha512-A514Bt4z44bxhPQVzmBFMJsV3res92eBaDX0snzVsLLasBPNh4Z7He8N2mwSeAX9bJNywRBlJbHMQPwC45rqXw==",
      "requires": {
        "async": "2.6.0",
        "bs58": "4.0.1",
        "buffer-loader": "0.0.1",
        "cids": "0.5.2",
        "ipfs-block": "0.6.1",
        "is-ipfs": "0.3.2",
        "multihashes": "0.4.13",
        "multihashing-async": "0.4.7",
        "protons": "1.0.1",
        "pull-stream": "3.6.1",
        "pull-traverse": "1.0.3",
        "stable": "0.1.6"
      }
    },
    "is-ipfs": {
      "version": "0.3.2",
      "resolved": "https://registry.npmjs.org/is-ipfs/-/is-ipfs-0.3.2.tgz",
      "integrity": "sha512-82V1j4LMkYy7H4seQQzOWqo7FiW3I64/1/ryo3dhtWKfOvm7ZolLMRQQfGKs4OXWauh5rAkPnamVcRISHwhmpQ==",
      "requires": {
        "bs58": "4.0.1",
        "cids": "0.5.2",
        "multihashes": "0.4.13"
      }
    },
    "is-promise": {
      "version": "1.0.1",
      "resolved": "https://registry.npmjs.org/is-promise/-/is-promise-1.0.1.tgz",
      "integrity": "sha1-MVc3YcBX4zwukaq56W2gjO++duU="
    },
    "js-sha3": {
      "version": "0.6.1",
      "resolved": "https://registry.npmjs.org/js-sha3/-/js-sha3-0.6.1.tgz",
      "integrity": "sha1-W4n3enR3Z5h39YxKB1JAk0sflcA="
    },
    "lodash": {
      "version": "4.17.5",
      "resolved": "https://registry.npmjs.org/lodash/-/lodash-4.17.5.tgz",
      "integrity": "sha512-svL3uiZf1RwhH+cWrfZn3A4+U58wbP0tGVTLQPbjplZxZ8ROD9VLuNgsRniTlLe7OlSqR79RUehXgpBW/s0IQw=="
    },
    "multibase": {
      "version": "0.3.4",
      "resolved": "https://registry.npmjs.org/multibase/-/multibase-0.3.4.tgz",
      "integrity": "sha1-+6iwqslyT2LiR4JVfioGLjDTrn8=",
      "requires": {
        "base-x": "3.0.0"
      },
      "dependencies": {
        "base-x": {
          "version": "3.0.0",
          "resolved": "https://registry.npmjs.org/base-x/-/base-x-3.0.0.tgz",
          "integrity": "sha1-d7VvAxEHC3gLPIpfU0vqxH5QZwI="
        }
      }
    },
    "multicodec": {
      "version": "0.2.6",
      "resolved": "https://registry.npmjs.org/multicodec/-/multicodec-0.2.6.tgz",
      "integrity": "sha512-VGyRUDkxdJzWnj9x3C49MzI3+TtKKDYNfIBOaWBCNuPk6CE5CwwkL15gJtsLDfLay0fL4xTh4Af3kBbJSxSppw==",
      "requires": {
        "varint": "5.0.0"
      }
    },
    "multihashes": {
      "version": "0.4.13",
      "resolved": "https://registry.npmjs.org/multihashes/-/multihashes-0.4.13.tgz",
      "integrity": "sha512-HwJGEKPCpLlNlgGQA56CYh/Wsqa+c4JAq8+mheIgw7OK5T4QvNJqgp6TH8gZ4q4l1aiWeNat/H/MrFXmTuoFfQ==",
      "requires": {
        "bs58": "4.0.1",
        "varint": "5.0.0"
      }
    },
    "multihashing-async": {
      "version": "0.4.7",
      "resolved": "https://registry.npmjs.org/multihashing-async/-/multihashing-async-0.4.7.tgz",
      "integrity": "sha512-jjW5r2M3zS7YZmylUH1FmrckD6pQXMeMQTAvTJyo83hfTZ3B6fyph7AvHaDdr3M6c4zlmvSCM8jpEItjJ9dxuw==",
      "requires": {
        "async": "2.6.0",
        "blakejs": "1.1.0",
        "js-sha3": "0.6.1",
        "multihashes": "0.4.13",
        "murmurhash3js": "3.0.1",
        "nodeify": "1.0.1"
      }
    },
    "murmurhash3js": {
      "version": "3.0.1",
      "resolved": "https://registry.npmjs.org/murmurhash3js/-/murmurhash3js-3.0.1.tgz",
      "integrity": "sha1-Ppg+W0fCoG9DpxMXTn5DXKBEuZg="
    },
    "nodeify": {
      "version": "1.0.1",
      "resolved": "https://registry.npmjs.org/nodeify/-/nodeify-1.0.1.tgz",
      "integrity": "sha1-ZKtpp7268DzhB7TwM1yHwLnpGx0=",
      "requires": {
        "is-promise": "1.0.1",
        "promise": "1.3.0"
      }
    },
    "promise": {
      "version": "1.3.0",
      "resolved": "https://registry.npmjs.org/promise/-/promise-1.3.0.tgz",
      "integrity": "sha1-5cyaTIJ45GZP/twBx9qEhCsEAXU=",
      "requires": {
        "is-promise": "1.0.1"
      }
    },
    "protocol-buffers-schema": {
      "version": "3.3.2",
      "resolved": "https://registry.npmjs.org/protocol-buffers-schema/-/protocol-buffers-schema-3.3.2.tgz",
      "integrity": "sha512-Xdayp8sB/mU+sUV4G7ws8xtYMGdQnxbeIfLjyO9TZZRJdztBGhlmbI5x1qcY4TG5hBkIKGnc28i7nXxaugu88w=="
    },
    "protons": {
      "version": "1.0.1",
      "resolved": "https://registry.npmjs.org/protons/-/protons-1.0.1.tgz",
      "integrity": "sha512-+0ZKnfVs+4c43tbAQ5j0Mck8wPcLnlxUYzKQoB4iDW4ocdXGnN4P+0dDbgX1FTpoY9+7P2Tn2scJyHHqj+S/lQ==",
      "requires": {
        "protocol-buffers-schema": "3.3.2",
        "safe-buffer": "5.1.1",
        "signed-varint": "2.0.1",
        "varint": "5.0.0"
      }
    },
    "pull-stream": {
      "version": "3.6.1",
      "resolved": "https://registry.npmjs.org/pull-stream/-/pull-stream-3.6.1.tgz",
      "integrity": "sha1-xcKuSlEkbv7rzGXAQSo9clqSzgA="
    },
    "pull-traverse": {
      "version": "1.0.3",
      "resolved": "https://registry.npmjs.org/pull-traverse/-/pull-traverse-1.0.3.tgz",
      "integrity": "sha1-dPtde+f6a9enjpeTPhmbeUWGaTg="
    },
    "safe-buffer": {
      "version": "5.1.1",
      "resolved": "https://registry.npmjs.org/safe-buffer/-/safe-buffer-5.1.1.tgz",
      "integrity": "sha512-kKvNJn6Mm93gAczWVJg7wH+wGYWNrDHdWvpUmHyEsgCtIwwo3bqPtV4tR5tuPaUhTOo/kvhVwd8XwwOllGYkbg=="
    },
    "signed-varint": {
      "version": "2.0.1",
      "resolved": "https://registry.npmjs.org/signed-varint/-/signed-varint-2.0.1.tgz",
      "integrity": "sha1-UKmYnafJjCxh2tEZvJdHDvhSgSk=",
      "requires": {
        "varint": "5.0.0"
      }
    },
    "stable": {
      "version": "0.1.6",
      "resolved": "https://registry.npmjs.org/stable/-/stable-0.1.6.tgz",
      "integrity": "sha1-kQ9dKu17Ugxud3SZwfMuE5/eyxA="
    },
    "varint": {
      "version": "5.0.0",
      "resolved": "https://registry.npmjs.org/varint/-/varint-5.0.0.tgz",
      "integrity": "sha1-2Ca4n3SQcy+rwMDtaT7Uddyynr8="
    }
  }
}
